
Microsoft Visual Studio Solution File, Format Version 12.00
# Visual Studio 15
VisualStudioVersion = 15.0.27428.2043
MinimumVisualStudioVersion = 10.0.40219.1
Project("{9A19103F-16F7-4668-BE54-9A1E7A4F7556}") = "SolsticeApi", "SolsticeApi\SolsticeApi.csproj", "{F210E860-7F04-4F8C-BDD3-8294ACBEDF45}"
EndProject
Project("{FAE04EC0-301F-11D3-BF4B-00C04F79EFBC}") = "SolsticeApiUnitTests", "SolsticeApiUnitTests\SolsticeApiUnitTests.csproj", "{0AC64CEB-8815-43D1-B20D-D7AF0F46D797}"
EndProject
Global
	GlobalSection(SolutionConfigurationPlatforms) = preSolution
		Debug|Any CPU = Debug|Any CPU
		Release|Any CPU = Release|Any CPU
	EndGlobalSection
	GlobalSection(ProjectConfigurationPlatforms) = postSolution
		{F210E860-7F04-4F8C-BDD3-8294ACBEDF45}.Debug|Any CPU.ActiveCfg = Debug|Any CPU
		{F210E860-7F04-4F8C-BDD3-8294ACBEDF45}.Debug|Any CPU.Build.0 = Debug|Any CPU
		{F210E860-7F04-4F8C-BDD3-8294ACBEDF45}.Release|Any CPU.ActiveCfg = Release|Any CPU
		{F210E860-7F04-4F8C-BDD3-8294ACBEDF45}.Release|Any CPU.Build.0 = Release|Any CPU
		{0AC64CEB-8815-43D1-B20D-D7AF0F46D797}.Debug|Any CPU.ActiveCfg = Debug|Any CPU
		{0AC64CEB-8815-43D1-B20D-D7AF0F46D797}.Debug|Any CPU.Build.0 = Debug|Any CPU
		{0AC64CEB-8815-43D1-B20D-D7AF0F46D797}.Release|Any CPU.ActiveCfg = Release|Any CPU
		{0AC64CEB-8815-43D1-B20D-D7AF0F46D797}.Release|Any CPU.Build.0 = Release|Any CPU
	EndGlobalSection
	GlobalSection(SolutionProperties) = preSolution
		HideSolutionNode = FALSE
	EndGlobalSection
	GlobalSection(ExtensibilityGlobals) = postSolution
		SolutionGuid = {0D8EC971-EF33-4904-9C2E-90B3A56EB868}
	EndGlobalSection
EndGlobal
